// !$*UTF8*$!
{
	archiveVersion = 1;
	classes = {
	};
	objectVersion = 60;
	objects = {

/* Begin PBXBuildFile section */
		740CADB42B603BDE00CFF509 /* README.md in Resources */ = {isa = PBXBuildFile; fileRef = 740CADB32B603BDE00CFF509 /* README.md */; };
		74414BAE2B63A16800CE3D64 /* GoogleService-Info.plist in Resources */ = {isa = PBXBuildFile; fileRef = 74414BAD2B63A16800CE3D64 /* GoogleService-Info.plist */; };
		74414BB12B63CD1200CE3D64 /* FirebaseAnalytics in Frameworks */ = {isa = PBXBuildFile; productRef = 74414BB02B63CD1200CE3D64 /* FirebaseAnalytics */; };
		74414BB32B63CD1200CE3D64 /* FirebaseAnalyticsSwift in Frameworks */ = {isa = PBXBuildFile; productRef = 74414BB22B63CD1200CE3D64 /* FirebaseAnalyticsSwift */; };
		74414BB52B63CD1200CE3D64 /* FirebaseAuth in Frameworks */ = {isa = PBXBuildFile; productRef = 74414BB42B63CD1200CE3D64 /* FirebaseAuth */; };
		74414BB92B63CD1200CE3D64 /* FirebaseDatabase in Frameworks */ = {isa = PBXBuildFile; productRef = 74414BB82B63CD1200CE3D64 /* FirebaseDatabase */; };
		74414BBB2B63CD1200CE3D64 /* FirebaseDatabaseSwift in Frameworks */ = {isa = PBXBuildFile; productRef = 74414BBA2B63CD1200CE3D64 /* FirebaseDatabaseSwift */; };
		74414BBD2B63CD1200CE3D64 /* FirebaseFirestore in Frameworks */ = {isa = PBXBuildFile; productRef = 74414BBC2B63CD1200CE3D64 /* FirebaseFirestore */; };
		74414BC12B63CD1200CE3D64 /* FirebaseFirestoreSwift in Frameworks */ = {isa = PBXBuildFile; productRef = 74414BC02B63CD1200CE3D64 /* FirebaseFirestoreSwift */; };
		74414BC42B63CF0600CE3D64 /* GoogleSignIn in Frameworks */ = {isa = PBXBuildFile; productRef = 74414BC32B63CF0600CE3D64 /* GoogleSignIn */; };
		74414BC62B63CF0600CE3D64 /* GoogleSignInSwift in Frameworks */ = {isa = PBXBuildFile; productRef = 74414BC52B63CF0600CE3D64 /* GoogleSignInSwift */; };
		74414BCA2B65264800CE3D64 /* SignInView.swift in Sources */ = {isa = PBXBuildFile; fileRef = 74414BC92B65264800CE3D64 /* SignInView.swift */; };
		74414BCC2B65265400CE3D64 /* SignUpView.swift in Sources */ = {isa = PBXBuildFile; fileRef = 74414BCB2B65265400CE3D64 /* SignUpView.swift */; };
		74414BCF2B65435600CE3D64 /* Utilities.swift in Sources */ = {isa = PBXBuildFile; fileRef = 74414BCE2B65435600CE3D64 /* Utilities.swift */; };
		74414BD12B65728700CE3D64 /* AuthenticationManager.swift in Sources */ = {isa = PBXBuildFile; fileRef = 74414BD02B65728700CE3D64 /* AuthenticationManager.swift */; };
		74414BD52B66411100CE3D64 /* SignInGoogleHelper.swift in Sources */ = {isa = PBXBuildFile; fileRef = 74414BD42B66411100CE3D64 /* SignInGoogleHelper.swift */; };
		74414BD72B66651200CE3D64 /* HomePageView.swift in Sources */ = {isa = PBXBuildFile; fileRef = 74414BD62B66651200CE3D64 /* HomePageView.swift */; };
		74A36F332ADC401D009C1DA1 /* AppDelegate.swift in Sources */ = {isa = PBXBuildFile; fileRef = 74A36F322ADC401D009C1DA1 /* AppDelegate.swift */; };
		74A36F352ADC401D009C1DA1 /* SceneDelegate.swift in Sources */ = {isa = PBXBuildFile; fileRef = 74A36F342ADC401D009C1DA1 /* SceneDelegate.swift */; };
		74A36F3C2ADC401F009C1DA1 /* Assets.xcassets in Resources */ = {isa = PBXBuildFile; fileRef = 74A36F3B2ADC401F009C1DA1 /* Assets.xcassets */; };
		74C8C3282C27288A00BC934E /* SignInViewModel.swift in Sources */ = {isa = PBXBuildFile; fileRef = 74C8C3272C27288A00BC934E /* SignInViewModel.swift */; };
		74C8C32A2C2DFF7B00BC934E /* RootView.swift in Sources */ = {isa = PBXBuildFile; fileRef = 74C8C3292C2DFF7B00BC934E /* RootView.swift */; };
		74C8C32C2C2E9E2600BC934E /* SettingsView.swift in Sources */ = {isa = PBXBuildFile; fileRef = 74C8C32B2C2E9E2600BC934E /* SettingsView.swift */; };
		74C8C32E2C30BBEB00BC934E /* BetsView.swift in Sources */ = {isa = PBXBuildFile; fileRef = 74C8C32D2C30BBEA00BC934E /* BetsView.swift */; };
		74C8C3302C31E58F00BC934E /* CustomBetView.swift in Sources */ = {isa = PBXBuildFile; fileRef = 74C8C32F2C31E58F00BC934E /* CustomBetView.swift */; };
		74C8C3322C31E5A500BC934E /* SportsBetView.swift in Sources */ = {isa = PBXBuildFile; fileRef = 74C8C3312C31E5A500BC934E /* SportsBetView.swift */; };
		74C8C3342C31E86D00BC934E /* NotficationsView.swift in Sources */ = {isa = PBXBuildFile; fileRef = 74C8C3332C31E86D00BC934E /* NotficationsView.swift */; };
		74C8C3362C31F78300BC934E /* BetManager.swift in Sources */ = {isa = PBXBuildFile; fileRef = 74C8C3352C31F78300BC934E /* BetManager.swift */; };
		74C8C3382C41B55E00BC934E /* Bet.swift in Sources */ = {isa = PBXBuildFile; fileRef = 74C8C3372C41B55D00BC934E /* Bet.swift */; };
		74C8C33A2C41E49700BC934E /* BetDetailView.swift in Sources */ = {isa = PBXBuildFile; fileRef = 74C8C3392C41E49700BC934E /* BetDetailView.swift */; };
/* End PBXBuildFile section */

/* Begin PBXFileReference section */
		740CADB32B603BDE00CFF509 /* README.md */ = {isa = PBXFileReference; lastKnownFileType = net.daringfireball.markdown; path = README.md; sourceTree = "<group>"; };
		74414BAD2B63A16800CE3D64 /* GoogleService-Info.plist */ = {isa = PBXFileReference; fileEncoding = 4; lastKnownFileType = text.plist.xml; path = "GoogleService-Info.plist"; sourceTree = "<group>"; };
		74414BC92B65264800CE3D64 /* SignInView.swift */ = {isa = PBXFileReference; lastKnownFileType = sourcecode.swift; path = SignInView.swift; sourceTree = "<group>"; };
		74414BCB2B65265400CE3D64 /* SignUpView.swift */ = {isa = PBXFileReference; lastKnownFileType = sourcecode.swift; path = SignUpView.swift; sourceTree = "<group>"; };
		74414BCE2B65435600CE3D64 /* Utilities.swift */ = {isa = PBXFileReference; lastKnownFileType = sourcecode.swift; path = Utilities.swift; sourceTree = "<group>"; };
		74414BD02B65728700CE3D64 /* AuthenticationManager.swift */ = {isa = PBXFileReference; lastKnownFileType = sourcecode.swift; path = AuthenticationManager.swift; sourceTree = "<group>"; };
		74414BD42B66411100CE3D64 /* SignInGoogleHelper.swift */ = {isa = PBXFileReference; lastKnownFileType = sourcecode.swift; path = SignInGoogleHelper.swift; sourceTree = "<group>"; };
		74414BD62B66651200CE3D64 /* HomePageView.swift */ = {isa = PBXFileReference; lastKnownFileType = sourcecode.swift; path = HomePageView.swift; sourceTree = "<group>"; };
		74A36F2F2ADC401D009C1DA1 /* GetBet.app */ = {isa = PBXFileReference; explicitFileType = wrapper.application; includeInIndex = 0; path = GetBet.app; sourceTree = BUILT_PRODUCTS_DIR; };
		74A36F322ADC401D009C1DA1 /* AppDelegate.swift */ = {isa = PBXFileReference; lastKnownFileType = sourcecode.swift; path = AppDelegate.swift; sourceTree = "<group>"; };
		74A36F342ADC401D009C1DA1 /* SceneDelegate.swift */ = {isa = PBXFileReference; lastKnownFileType = sourcecode.swift; path = SceneDelegate.swift; sourceTree = "<group>"; };
		74A36F3B2ADC401F009C1DA1 /* Assets.xcassets */ = {isa = PBXFileReference; lastKnownFileType = folder.assetcatalog; path = Assets.xcassets; sourceTree = "<group>"; };
		74A36F402ADC401F009C1DA1 /* Info.plist */ = {isa = PBXFileReference; lastKnownFileType = text.plist.xml; path = Info.plist; sourceTree = "<group>"; };
		74C8C3272C27288A00BC934E /* SignInViewModel.swift */ = {isa = PBXFileReference; lastKnownFileType = sourcecode.swift; path = SignInViewModel.swift; sourceTree = "<group>"; };
		74C8C3292C2DFF7B00BC934E /* RootView.swift */ = {isa = PBXFileReference; lastKnownFileType = sourcecode.swift; path = RootView.swift; sourceTree = "<group>"; };
		74C8C32B2C2E9E2600BC934E /* SettingsView.swift */ = {isa = PBXFileReference; lastKnownFileType = sourcecode.swift; path = SettingsView.swift; sourceTree = "<group>"; };
		74C8C32D2C30BBEA00BC934E /* BetsView.swift */ = {isa = PBXFileReference; lastKnownFileType = sourcecode.swift; path = BetsView.swift; sourceTree = "<group>"; };
		74C8C32F2C31E58F00BC934E /* CustomBetView.swift */ = {isa = PBXFileReference; lastKnownFileType = sourcecode.swift; path = CustomBetView.swift; sourceTree = "<group>"; };
		74C8C3312C31E5A500BC934E /* SportsBetView.swift */ = {isa = PBXFileReference; lastKnownFileType = sourcecode.swift; path = SportsBetView.swift; sourceTree = "<group>"; };
		74C8C3332C31E86D00BC934E /* NotficationsView.swift */ = {isa = PBXFileReference; lastKnownFileType = sourcecode.swift; path = NotficationsView.swift; sourceTree = "<group>"; };
		74C8C3352C31F78300BC934E /* BetManager.swift */ = {isa = PBXFileReference; lastKnownFileType = sourcecode.swift; path = BetManager.swift; sourceTree = "<group>"; };
		74C8C3372C41B55D00BC934E /* Bet.swift */ = {isa = PBXFileReference; lastKnownFileType = sourcecode.swift; path = Bet.swift; sourceTree = "<group>"; };
		74C8C3392C41E49700BC934E /* BetDetailView.swift */ = {isa = PBXFileReference; lastKnownFileType = sourcecode.swift; path = BetDetailView.swift; sourceTree = "<group>"; };
/* End PBXFileReference section */

/* Begin PBXFrameworksBuildPhase section */
		74A36F2C2ADC401D009C1DA1 /* Frameworks */ = {
			isa = PBXFrameworksBuildPhase;
			buildActionMask = 2147483647;
			files = (
				74414BBB2B63CD1200CE3D64 /* FirebaseDatabaseSwift in Frameworks */,
				74414BB92B63CD1200CE3D64 /* FirebaseDatabase in Frameworks */,
				74414BC42B63CF0600CE3D64 /* GoogleSignIn in Frameworks */,
				74414BC62B63CF0600CE3D64 /* GoogleSignInSwift in Frameworks */,
				74414BB32B63CD1200CE3D64 /* FirebaseAnalyticsSwift in Frameworks */,
				74414BB12B63CD1200CE3D64 /* FirebaseAnalytics in Frameworks */,
				74414BC12B63CD1200CE3D64 /* FirebaseFirestoreSwift in Frameworks */,
				74414BBD2B63CD1200CE3D64 /* FirebaseFirestore in Frameworks */,
				74414BB52B63CD1200CE3D64 /* FirebaseAuth in Frameworks */,
			);
			runOnlyForDeploymentPostprocessing = 0;
		};
/* End PBXFrameworksBuildPhase section */

/* Begin PBXGroup section */
		740CADBC2B604EAD00CFF509 /* Views */ = {
			isa = PBXGroup;
			children = (
				74414BC92B65264800CE3D64 /* SignInView.swift */,
				74414BCB2B65265400CE3D64 /* SignUpView.swift */,
				74C8C32B2C2E9E2600BC934E /* SettingsView.swift */,
				74414BD62B66651200CE3D64 /* HomePageView.swift */,
				74C8C3292C2DFF7B00BC934E /* RootView.swift */,
				74C8C32D2C30BBEA00BC934E /* BetsView.swift */,
				74C8C32F2C31E58F00BC934E /* CustomBetView.swift */,
				74C8C3312C31E5A500BC934E /* SportsBetView.swift */,
				74C8C3332C31E86D00BC934E /* NotficationsView.swift */,
				74C8C3392C41E49700BC934E /* BetDetailView.swift */,
			);
			path = Views;
			sourceTree = "<group>";
		};
		74414BCD2B65433900CE3D64 /* Models */ = {
			isa = PBXGroup;
			children = (
				74414BD42B66411100CE3D64 /* SignInGoogleHelper.swift */,
				74C8C3272C27288A00BC934E /* SignInViewModel.swift */,
				74414BD02B65728700CE3D64 /* AuthenticationManager.swift */,
				74414BCE2B65435600CE3D64 /* Utilities.swift */,
				74C8C3352C31F78300BC934E /* BetManager.swift */,
				74C8C3372C41B55D00BC934E /* Bet.swift */,
			);
			path = Models;
			sourceTree = "<group>";
		};
		74A36F262ADC401D009C1DA1 = {
			isa = PBXGroup;
			children = (
				740CADB32B603BDE00CFF509 /* README.md */,
				74A36F312ADC401D009C1DA1 /* GetBet */,
				74A36F302ADC401D009C1DA1 /* Products */,
			);
			sourceTree = "<group>";
		};
		74A36F302ADC401D009C1DA1 /* Products */ = {
			isa = PBXGroup;
			children = (
				74A36F2F2ADC401D009C1DA1 /* GetBet.app */,
			);
			name = Products;
			sourceTree = "<group>";
		};
		74A36F312ADC401D009C1DA1 /* GetBet */ = {
			isa = PBXGroup;
			children = (
				74A36F322ADC401D009C1DA1 /* AppDelegate.swift */,
				74A36F342ADC401D009C1DA1 /* SceneDelegate.swift */,
				74A36F3B2ADC401F009C1DA1 /* Assets.xcassets */,
				74414BCD2B65433900CE3D64 /* Models */,
				740CADBC2B604EAD00CFF509 /* Views */,
				74A36F402ADC401F009C1DA1 /* Info.plist */,
				74414BAD2B63A16800CE3D64 /* GoogleService-Info.plist */,
			);
			path = GetBet;
			sourceTree = "<group>";
		};
/* End PBXGroup section */

/* Begin PBXNativeTarget section */
		74A36F2E2ADC401D009C1DA1 /* GetBet */ = {
			isa = PBXNativeTarget;
			buildConfigurationList = 74A36F432ADC401F009C1DA1 /* Build configuration list for PBXNativeTarget "GetBet" */;
			buildPhases = (
				74A36F2B2ADC401D009C1DA1 /* Sources */,
				74A36F2C2ADC401D009C1DA1 /* Frameworks */,
				74A36F2D2ADC401D009C1DA1 /* Resources */,
			);
			buildRules = (
			);
			dependencies = (
			);
			name = GetBet;
			packageProductDependencies = (
				74414BB02B63CD1200CE3D64 /* FirebaseAnalytics */,
				74414BB22B63CD1200CE3D64 /* FirebaseAnalyticsSwift */,
				74414BB42B63CD1200CE3D64 /* FirebaseAuth */,
				74414BB82B63CD1200CE3D64 /* FirebaseDatabase */,
				74414BBA2B63CD1200CE3D64 /* FirebaseDatabaseSwift */,
				74414BBC2B63CD1200CE3D64 /* FirebaseFirestore */,
				74414BC02B63CD1200CE3D64 /* FirebaseFirestoreSwift */,
				74414BC32B63CF0600CE3D64 /* GoogleSignIn */,
				74414BC52B63CF0600CE3D64 /* GoogleSignInSwift */,
			);
			productName = GetBet;
			productReference = 74A36F2F2ADC401D009C1DA1 /* GetBet.app */;
			productType = "com.apple.product-type.application";
		};
/* End PBXNativeTarget section */

/* Begin PBXProject section */
		74A36F272ADC401D009C1DA1 /* Project object */ = {
			isa = PBXProject;
			attributes = {
				BuildIndependentTargetsInParallel = 1;
				LastSwiftUpdateCheck = 1430;
				LastUpgradeCheck = 1540;
				TargetAttributes = {
					74A36F2E2ADC401D009C1DA1 = {
						CreatedOnToolsVersion = 14.3.1;
					};
				};
			};
			buildConfigurationList = 74A36F2A2ADC401D009C1DA1 /* Build configuration list for PBXProject "GetBet" */;
			compatibilityVersion = "Xcode 15.0";
			developmentRegion = en;
			hasScannedForEncodings = 0;
			knownRegions = (
				en,
				Base,
			);
			mainGroup = 74A36F262ADC401D009C1DA1;
			packageReferences = (
				74414BAF2B63CD1200CE3D64 /* XCRemoteSwiftPackageReference "firebase-ios-sdk" */,
				74414BC22B63CF0600CE3D64 /* XCRemoteSwiftPackageReference "GoogleSignIn-iOS" */,
			);
			productRefGroup = 74A36F302ADC401D009C1DA1 /* Products */;
			projectDirPath = "";
			projectRoot = "";
			targets = (
				74A36F2E2ADC401D009C1DA1 /* GetBet */,
			);
		};
/* End PBXProject section */

/* Begin PBXResourcesBuildPhase section */
		74A36F2D2ADC401D009C1DA1 /* Resources */ = {
			isa = PBXResourcesBuildPhase;
			buildActionMask = 2147483647;
			files = (
				74A36F3C2ADC401F009C1DA1 /* Assets.xcassets in Resources */,
				74414BAE2B63A16800CE3D64 /* GoogleService-Info.plist in Resources */,
				740CADB42B603BDE00CFF509 /* README.md in Resources */,
			);
			runOnlyForDeploymentPostprocessing = 0;
		};
/* End PBXResourcesBuildPhase section */

/* Begin PBXSourcesBuildPhase section */
		74A36F2B2ADC401D009C1DA1 /* Sources */ = {
			isa = PBXSourcesBuildPhase;
			buildActionMask = 2147483647;
			files = (
				74414BD12B65728700CE3D64 /* AuthenticationManager.swift in Sources */,
				74C8C3362C31F78300BC934E /* BetManager.swift in Sources */,
				74414BCF2B65435600CE3D64 /* Utilities.swift in Sources */,
				74414BD72B66651200CE3D64 /* HomePageView.swift in Sources */,
				74414BD52B66411100CE3D64 /* SignInGoogleHelper.swift in Sources */,
				74A36F332ADC401D009C1DA1 /* AppDelegate.swift in Sources */,
				74414BCA2B65264800CE3D64 /* SignInView.swift in Sources */,
				74C8C3282C27288A00BC934E /* SignInViewModel.swift in Sources */,
				74C8C32E2C30BBEB00BC934E /* BetsView.swift in Sources */,
				74414BCC2B65265400CE3D64 /* SignUpView.swift in Sources */,
				74C8C32C2C2E9E2600BC934E /* SettingsView.swift in Sources */,
				74C8C33A2C41E49700BC934E /* BetDetailView.swift in Sources */,
				74A36F352ADC401D009C1DA1 /* SceneDelegate.swift in Sources */,
				74C8C3382C41B55E00BC934E /* Bet.swift in Sources */,
				74C8C32A2C2DFF7B00BC934E /* RootView.swift in Sources */,
				74C8C3342C31E86D00BC934E /* NotficationsView.swift in Sources */,
				74C8C3302C31E58F00BC934E /* CustomBetView.swift in Sources */,
				74C8C3322C31E5A500BC934E /* SportsBetView.swift in Sources */,
			);
			runOnlyForDeploymentPostprocessing = 0;
		};
/* End PBXSourcesBuildPhase section */

/* Begin XCBuildConfiguration section */
		74A36F412ADC401F009C1DA1 /* Debug */ = {
			isa = XCBuildConfiguration;
			buildSettings = {
				ALWAYS_SEARCH_USER_PATHS = NO;
				ASSETCATALOG_COMPILER_GENERATE_SWIFT_ASSET_SYMBOL_EXTENSIONS = YES;
				CLANG_ANALYZER_NONNULL = YES;
				CLANG_ANALYZER_NUMBER_OBJECT_CONVERSION = YES_AGGRESSIVE;
				CLANG_CXX_LANGUAGE_STANDARD = "gnu++20";
				CLANG_ENABLE_MODULES = YES;
				CLANG_ENABLE_OBJC_ARC = YES;
				CLANG_ENABLE_OBJC_WEAK = YES;
				CLANG_WARN_BLOCK_CAPTURE_AUTORELEASING = YES;
				CLANG_WARN_BOOL_CONVERSION = YES;
				CLANG_WARN_COMMA = YES;
				CLANG_WARN_CONSTANT_CONVERSION = YES;
				CLANG_WARN_DEPRECATED_OBJC_IMPLEMENTATIONS = YES;
				CLANG_WARN_DIRECT_OBJC_ISA_USAGE = YES_ERROR;
				CLANG_WARN_DOCUMENTATION_COMMENTS = YES;
				CLANG_WARN_EMPTY_BODY = YES;
				CLANG_WARN_ENUM_CONVERSION = YES;
				CLANG_WARN_INFINITE_RECURSION = YES;
				CLANG_WARN_INT_CONVERSION = YES;
				CLANG_WARN_NON_LITERAL_NULL_CONVERSION = YES;
				CLANG_WARN_OBJC_IMPLICIT_RETAIN_SELF = YES;
				CLANG_WARN_OBJC_LITERAL_CONVERSION = YES;
				CLANG_WARN_OBJC_ROOT_CLASS = YES_ERROR;
				CLANG_WARN_QUOTED_INCLUDE_IN_FRAMEWORK_HEADER = YES;
				CLANG_WARN_RANGE_LOOP_ANALYSIS = YES;
				CLANG_WARN_STRICT_PROTOTYPES = YES;
				CLANG_WARN_SUSPICIOUS_MOVE = YES;
				CLANG_WARN_UNGUARDED_AVAILABILITY = YES_AGGRESSIVE;
				CLANG_WARN_UNREACHABLE_CODE = YES;
				CLANG_WARN__DUPLICATE_METHOD_MATCH = YES;
				COPY_PHASE_STRIP = NO;
				DEBUG_INFORMATION_FORMAT = dwarf;
				ENABLE_STRICT_OBJC_MSGSEND = YES;
				ENABLE_TESTABILITY = YES;
				ENABLE_USER_SCRIPT_SANDBOXING = YES;
				GCC_C_LANGUAGE_STANDARD = gnu11;
				GCC_DYNAMIC_NO_PIC = NO;
				GCC_NO_COMMON_BLOCKS = YES;
				GCC_OPTIMIZATION_LEVEL = 0;
				GCC_PREPROCESSOR_DEFINITIONS = (
					"DEBUG=1",
					"$(inherited)",
				);
				GCC_WARN_64_TO_32_BIT_CONVERSION = YES;
				GCC_WARN_ABOUT_RETURN_TYPE = YES_ERROR;
				GCC_WARN_UNDECLARED_SELECTOR = YES;
				GCC_WARN_UNINITIALIZED_AUTOS = YES_AGGRESSIVE;
				GCC_WARN_UNUSED_FUNCTION = YES;
				GCC_WARN_UNUSED_VARIABLE = YES;
				IPHONEOS_DEPLOYMENT_TARGET = 16.4;
				MTL_ENABLE_DEBUG_INFO = INCLUDE_SOURCE;
				MTL_FAST_MATH = YES;
				ONLY_ACTIVE_ARCH = YES;
				SDKROOT = iphoneos;
				SWIFT_ACTIVE_COMPILATION_CONDITIONS = DEBUG;
				SWIFT_OPTIMIZATION_LEVEL = "-Onone";
			};
			name = Debug;
		};
		74A36F422ADC401F009C1DA1 /* Release */ = {
			isa = XCBuildConfiguration;
			buildSettings = {
				ALWAYS_SEARCH_USER_PATHS = NO;
				ASSETCATALOG_COMPILER_GENERATE_SWIFT_ASSET_SYMBOL_EXTENSIONS = YES;
				CLANG_ANALYZER_NONNULL = YES;
				CLANG_ANALYZER_NUMBER_OBJECT_CONVERSION = YES_AGGRESSIVE;
				CLANG_CXX_LANGUAGE_STANDARD = "gnu++20";
				CLANG_ENABLE_MODULES = YES;
				CLANG_ENABLE_OBJC_ARC = YES;
				CLANG_ENABLE_OBJC_WEAK = YES;
				CLANG_WARN_BLOCK_CAPTURE_AUTORELEASING = YES;
				CLANG_WARN_BOOL_CONVERSION = YES;
				CLANG_WARN_COMMA = YES;
				CLANG_WARN_CONSTANT_CONVERSION = YES;
				CLANG_WARN_DEPRECATED_OBJC_IMPLEMENTATIONS = YES;
				CLANG_WARN_DIRECT_OBJC_ISA_USAGE = YES_ERROR;
				CLANG_WARN_DOCUMENTATION_COMMENTS = YES;
				CLANG_WARN_EMPTY_BODY = YES;
				CLANG_WARN_ENUM_CONVERSION = YES;
				CLANG_WARN_INFINITE_RECURSION = YES;
				CLANG_WARN_INT_CONVERSION = YES;
				CLANG_WARN_NON_LITERAL_NULL_CONVERSION = YES;
				CLANG_WARN_OBJC_IMPLICIT_RETAIN_SELF = YES;
				CLANG_WARN_OBJC_LITERAL_CONVERSION = YES;
				CLANG_WARN_OBJC_ROOT_CLASS = YES_ERROR;
				CLANG_WARN_QUOTED_INCLUDE_IN_FRAMEWORK_HEADER = YES;
				CLANG_WARN_RANGE_LOOP_ANALYSIS = YES;
				CLANG_WARN_STRICT_PROTOTYPES = YES;
				CLANG_WARN_SUSPICIOUS_MOVE = YES;
				CLANG_WARN_UNGUARDED_AVAILABILITY = YES_AGGRESSIVE;
				CLANG_WARN_UNREACHABLE_CODE = YES;
				CLANG_WARN__DUPLICATE_METHOD_MATCH = YES;
				COPY_PHASE_STRIP = NO;
				DEBUG_INFORMATION_FORMAT = "dwarf-with-dsym";
				ENABLE_NS_ASSERTIONS = NO;
				ENABLE_STRICT_OBJC_MSGSEND = YES;
				ENABLE_USER_SCRIPT_SANDBOXING = YES;
				GCC_C_LANGUAGE_STANDARD = gnu11;
				GCC_NO_COMMON_BLOCKS = YES;
				GCC_WARN_64_TO_32_BIT_CONVERSION = YES;
				GCC_WARN_ABOUT_RETURN_TYPE = YES_ERROR;
				GCC_WARN_UNDECLARED_SELECTOR = YES;
				GCC_WARN_UNINITIALIZED_AUTOS = YES_AGGRESSIVE;
				GCC_WARN_UNUSED_FUNCTION = YES;
				GCC_WARN_UNUSED_VARIABLE = YES;
				IPHONEOS_DEPLOYMENT_TARGET = 16.4;
				MTL_ENABLE_DEBUG_INFO = NO;
				MTL_FAST_MATH = YES;
				SDKROOT = iphoneos;
				SWIFT_COMPILATION_MODE = wholemodule;
				SWIFT_OPTIMIZATION_LEVEL = "-O";
				VALIDATE_PRODUCT = YES;
			};
			name = Release;
		};
		74A36F442ADC401F009C1DA1 /* Debug */ = {
			isa = XCBuildConfiguration;
			buildSettings = {
				ASSETCATALOG_COMPILER_APPICON_NAME = AppIcon;
				ASSETCATALOG_COMPILER_GLOBAL_ACCENT_COLOR_NAME = AccentColor;
				CODE_SIGN_STYLE = Automatic;
				CURRENT_PROJECT_VERSION = 1;
				DEVELOPMENT_TEAM = WC366TYCG7;
				GENERATE_INFOPLIST_FILE = YES;
				INFOPLIST_FILE = GetBet/Info.plist;
				INFOPLIST_KEY_UIApplicationSupportsIndirectInputEvents = YES;
				INFOPLIST_KEY_UILaunchStoryboardName = LaunchScreen;
				INFOPLIST_KEY_UISupportedInterfaceOrientations = UIInterfaceOrientationPortrait;
				IPHONEOS_DEPLOYMENT_TARGET = 16.4;
				LD_RUNPATH_SEARCH_PATHS = (
					"$(inherited)",
					"@executable_path/Frameworks",
				);
				MARKETING_VERSION = 1.0;
				PRODUCT_BUNDLE_IDENTIFIER = com.aasrithreddy.GetBet;
				PRODUCT_NAME = "$(TARGET_NAME)";
				SWIFT_EMIT_LOC_STRINGS = YES;
				SWIFT_VERSION = 5.0;
				TARGETED_DEVICE_FAMILY = "1,2";
			};
			name = Debug;
		};
		74A36F452ADC401F009C1DA1 /* Release */ = {
			isa = XCBuildConfiguration;
			buildSettings = {
				ASSETCATALOG_COMPILER_APPICON_NAME = AppIcon;
				ASSETCATALOG_COMPILER_GLOBAL_ACCENT_COLOR_NAME = AccentColor;
				CODE_SIGN_STYLE = Automatic;
				CURRENT_PROJECT_VERSION = 1;
				DEVELOPMENT_TEAM = WC366TYCG7;
				GENERATE_INFOPLIST_FILE = YES;
				INFOPLIST_FILE = GetBet/Info.plist;
				INFOPLIST_KEY_UIApplicationSupportsIndirectInputEvents = YES;
				INFOPLIST_KEY_UILaunchStoryboardName = LaunchScreen;
				INFOPLIST_KEY_UISupportedInterfaceOrientations = UIInterfaceOrientationPortrait;
				IPHONEOS_DEPLOYMENT_TARGET = 16.4;
				LD_RUNPATH_SEARCH_PATHS = (
					"$(inherited)",
					"@executable_path/Frameworks",
				);
				MARKETING_VERSION = 1.0;
				PRODUCT_BUNDLE_IDENTIFIER = com.aasrithreddy.GetBet;
				PRODUCT_NAME = "$(TARGET_NAME)";
				SWIFT_EMIT_LOC_STRINGS = YES;
				SWIFT_VERSION = 5.0;
				TARGETED_DEVICE_FAMILY = "1,2";
			};
			name = Release;
		};
/* End XCBuildConfiguration section */

/* Begin XCConfigurationList section */
		74A36F2A2ADC401D009C1DA1 /* Build configuration list for PBXProject "GetBet" */ = {
			isa = XCConfigurationList;
			buildConfigurations = (
				74A36F412ADC401F009C1DA1 /* Debug */,
				74A36F422ADC401F009C1DA1 /* Release */,
			);
			defaultConfigurationIsVisible = 0;
			defaultConfigurationName = Release;
		};
		74A36F432ADC401F009C1DA1 /* Build configuration list for PBXNativeTarget "GetBet" */ = {
			isa = XCConfigurationList;
			buildConfigurations = (
				74A36F442ADC401F009C1DA1 /* Debug */,
				74A36F452ADC401F009C1DA1 /* Release */,
			);
			defaultConfigurationIsVisible = 0;
			defaultConfigurationName = Release;
		};
/* End XCConfigurationList section */

/* Begin XCRemoteSwiftPackageReference section */
		74414BAF2B63CD1200CE3D64 /* XCRemoteSwiftPackageReference "firebase-ios-sdk" */ = {
			isa = XCRemoteSwiftPackageReference;
			repositoryURL = "https://github.com/firebase/firebase-ios-sdk";
			requirement = {
				kind = upToNextMinorVersion;
				minimumVersion = 10.0.0;
			};
		};
		74414BC22B63CF0600CE3D64 /* XCRemoteSwiftPackageReference "GoogleSignIn-iOS" */ = {
			isa = XCRemoteSwiftPackageReference;
			repositoryURL = "https://github.com/google/GoogleSignIn-iOS";
			requirement = {
				kind = upToNextMinorVersion;
				minimumVersion = 7.0.0;
			};
		};
/* End XCRemoteSwiftPackageReference section */

/* Begin XCSwiftPackageProductDependency section */
		74414BB02B63CD1200CE3D64 /* FirebaseAnalytics */ = {
			isa = XCSwiftPackageProductDependency;
			package = 74414BAF2B63CD1200CE3D64 /* XCRemoteSwiftPackageReference "firebase-ios-sdk" */;
			productName = FirebaseAnalytics;
		};
		74414BB22B63CD1200CE3D64 /* FirebaseAnalyticsSwift */ = {
			isa = XCSwiftPackageProductDependency;
			package = 74414BAF2B63CD1200CE3D64 /* XCRemoteSwiftPackageReference "firebase-ios-sdk" */;
			productName = FirebaseAnalyticsSwift;
		};
		74414BB42B63CD1200CE3D64 /* FirebaseAuth */ = {
			isa = XCSwiftPackageProductDependency;
			package = 74414BAF2B63CD1200CE3D64 /* XCRemoteSwiftPackageReference "firebase-ios-sdk" */;
			productName = FirebaseAuth;
		};
		74414BB82B63CD1200CE3D64 /* FirebaseDatabase */ = {
			isa = XCSwiftPackageProductDependency;
			package = 74414BAF2B63CD1200CE3D64 /* XCRemoteSwiftPackageReference "firebase-ios-sdk" */;
			productName = FirebaseDatabase;
		};
		74414BBA2B63CD1200CE3D64 /* FirebaseDatabaseSwift */ = {
			isa = XCSwiftPackageProductDependency;
			package = 74414BAF2B63CD1200CE3D64 /* XCRemoteSwiftPackageReference "firebase-ios-sdk" */;
			productName = FirebaseDatabaseSwift;
		};
		74414BBC2B63CD1200CE3D64 /* FirebaseFirestore */ = {
			isa = XCSwiftPackageProductDependency;
			package = 74414BAF2B63CD1200CE3D64 /* XCRemoteSwiftPackageReference "firebase-ios-sdk" */;
			productName = FirebaseFirestore;
		};
		74414BC02B63CD1200CE3D64 /* FirebaseFirestoreSwift */ = {
			isa = XCSwiftPackageProductDependency;
			package = 74414BAF2B63CD1200CE3D64 /* XCRemoteSwiftPackageReference "firebase-ios-sdk" */;
			productName = FirebaseFirestoreSwift;
		};
		74414BC32B63CF0600CE3D64 /* GoogleSignIn */ = {
			isa = XCSwiftPackageProductDependency;
			package = 74414BC22B63CF0600CE3D64 /* XCRemoteSwiftPackageReference "GoogleSignIn-iOS" */;
			productName = GoogleSignIn;
		};
		74414BC52B63CF0600CE3D64 /* GoogleSignInSwift */ = {
			isa = XCSwiftPackageProductDependency;
			package = 74414BC22B63CF0600CE3D64 /* XCRemoteSwiftPackageReference "GoogleSignIn-iOS" */;
			productName = GoogleSignInSwift;
		};
/* End XCSwiftPackageProductDependency section */
	};
	rootObject = 74A36F272ADC401D009C1DA1 /* Project object */;
}
